
Microsoft Visual Studio Solution File, Format Version 12.00
# Visual Studio Version 16
VisualStudioVersion = 16.0.33130.400
MinimumVisualStudioVersion = 10.0.40219.1
Project("{8BC9CEB8-8B4A-11D0-8D11-00A0C91BC942}") = "CornerGrocer", "CornerGrocer\CornerGrocer.vcxproj", "{D59683D3-E75E-42AF-813D-B6611FAE1FF8}"
EndProject
Global
	GlobalSection(SolutionConfigurationPlatforms) = preSolution
		Debug|x64 = Debug|x64
		Debug|x86 = Debug|x86
		Release|x64 = Release|x64
		Release|x86 = Release|x86
	EndGlobalSection
	GlobalSection(ProjectConfigurationPlatforms) = postSolution
		{D59683D3-E75E-42AF-813D-B6611FAE1FF8}.Debug|x64.ActiveCfg = Debug|x64
		{D59683D3-E75E-42AF-813D-B6611FAE1FF8}.Debug|x64.Build.0 = Debug|x64
		{D59683D3-E75E-42AF-813D-B6611FAE1FF8}.Debug|x86.ActiveCfg = Debug|Win32
		{D59683D3-E75E-42AF-813D-B6611FAE1FF8}.Debug|x86.Build.0 = Debug|Win32
		{D59683D3-E75E-42AF-813D-B6611FAE1FF8}.Release|x64.ActiveCfg = Release|x64
		{D59683D3-E75E-42AF-813D-B6611FAE1FF8}.Release|x64.Build.0 = Release|x64
		{D59683D3-E75E-42AF-813D-B6611FAE1FF8}.Release|x86.ActiveCfg = Release|Win32
		{D59683D3-E75E-42AF-813D-B6611FAE1FF8}.Release|x86.Build.0 = Release|Win32
	EndGlobalSection
	GlobalSection(SolutionProperties) = preSolution
		HideSolutionNode = FALSE
	EndGlobalSection
	GlobalSection(ExtensibilityGlobals) = postSolution
		SolutionGuid = {94EAA575-B0B7-40EF-8970-564435EF07B4}
	EndGlobalSection
EndGlobal
